<Solution>
  <Project Path="BagAndShop/BagAndShop.csproj" Id="c6a21d05-1f37-446a-a677-a8450a4ec1e8" />
  <Project Path="BagAndShopV0/BagAndShopV0.csproj" />
  <Project Path="SimpleCoordinatesANDCollision/SimpleCoordinatesANDCollision.csproj" />
  <Project Path="Test/Test.csproj" Id="24fad3c4-0e7a-4fc7-bbbd-e365bf71507e" />
</Solution>
